// !$*UTF8*$!
{
	archiveVersion = 1;
	classes = {
	};
	objectVersion = 50;
	objects = {

/* Begin PBXGroup section */
		D4A30A06279B2DA1001C06AD = {
			isa = PBXGroup;
			children = (
			);
			sourceTree = "<group>";
		};
/* End PBXGroup section */

/* Begin PBXProject section */
		D4A30A07279B2DA1001C06AD /* Project object */ = {
			isa = PBXProject;
			attributes = {
				LastUpgradeCheck = 1020;
			};
			buildConfigurationList = D4A30A0A279B2DA1001C06AD /* Build configuration list for PBXProject "COBRANetworking" */;
			compatibilityVersion = "Xcode 9.3";
			developmentRegion = en;
			hasScannedForEncodings = 0;
			knownRegions = (
				en,
			);
			mainGroup = D4A30A06279B2DA1001C06AD;
			projectDirPath = "";
			projectRoot = "";
			targets = (
			);
		};
/* End PBXProject section */

/* Begin XCBuildConfiguration section */
		D4A30A0B279B2DA1001C06AD /* Debug */ = {
			isa = XCBuildConfiguration;
			buildSettings = {
			};
			name = Debug;
		};
		D4A30A0C279B2DA1001C06AD /* Release */ = {
			isa = XCBuildConfiguration;
			buildSettings = {
			};
			name = Release;
		};
/* End XCBuildConfiguration section */

/* Begin XCConfigurationList section */
		D4A30A0A279B2DA1001C06AD /* Build configuration list for PBXProject "COBRANetworking" */ = {
			isa = XCConfigurationList;
			buildConfigurations = (
				D4A30A0B279B2DA1001C06AD /* Debug */,
				D4A30A0C279B2DA1001C06AD /* Release */,
			);
			defaultConfigurationIsVisible = 0;
			defaultConfigurationName = Release;
		};
/* End XCConfigurationList section */
	};
	rootObject = D4A30A07279B2DA1001C06AD /* Project object */;
}
